// !$*UTF8*$!
{
	archiveVersion = 1;
	classes = {
	};
	objectVersion = 50;
	objects = {

/* Begin PBXBuildFile section */
		385083D62288BDE3008070FB /* HomeListButton.swift in Sources */ = {isa = PBXBuildFile; fileRef = 385083D52288BDE3008070FB /* HomeListButton.swift */; };
		38B1A67A228158F8001E0F64 /* HomeListViewViewController.swift in Sources */ = {isa = PBXBuildFile; fileRef = 38B1A679228158F8001E0F64 /* HomeListViewViewController.swift */; };
		38DF9C4822821D6B00B130B6 /* QuoteListCell.swift in Sources */ = {isa = PBXBuildFile; fileRef = 38DF9C4722821D6B00B130B6 /* QuoteListCell.swift */; };
		D724706B227BDB5900B715CA /* Tag+CoreDataClass.swift in Sources */ = {isa = PBXBuildFile; fileRef = D7247065227BDB5900B715CA /* Tag+CoreDataClass.swift */; };
		D724706C227BDB5900B715CA /* Tag+CoreDataProperties.swift in Sources */ = {isa = PBXBuildFile; fileRef = D7247066227BDB5900B715CA /* Tag+CoreDataProperties.swift */; };
		D724706D227BDB5900B715CA /* Source+CoreDataClass.swift in Sources */ = {isa = PBXBuildFile; fileRef = D7247067227BDB5900B715CA /* Source+CoreDataClass.swift */; };
		D724706E227BDB5900B715CA /* Source+CoreDataProperties.swift in Sources */ = {isa = PBXBuildFile; fileRef = D7247068227BDB5900B715CA /* Source+CoreDataProperties.swift */; };
		D724706F227BDB5900B715CA /* Quote+CoreDataClass.swift in Sources */ = {isa = PBXBuildFile; fileRef = D7247069227BDB5900B715CA /* Quote+CoreDataClass.swift */; };
		D7247070227BDB5900B715CA /* Quote+CoreDataProperties.swift in Sources */ = {isa = PBXBuildFile; fileRef = D724706A227BDB5900B715CA /* Quote+CoreDataProperties.swift */; };
		D7247072227BDCD500B715CA /* CodingUserInfoKey+.swift in Sources */ = {isa = PBXBuildFile; fileRef = D7247071227BDCD500B715CA /* CodingUserInfoKey+.swift */; };
		D7247074227C137E00B715CA /* Favorite.storyboard in Resources */ = {isa = PBXBuildFile; fileRef = D7247073227C137E00B715CA /* Favorite.storyboard */; };
		D7247076227C139400B715CA /* Profile.storyboard in Resources */ = {isa = PBXBuildFile; fileRef = D7247075227C139400B715CA /* Profile.storyboard */; };
		D7247078227C13B500B715CA /* ProfileViewController.swift in Sources */ = {isa = PBXBuildFile; fileRef = D7247077227C13B500B715CA /* ProfileViewController.swift */; };
		D724707A227C13C200B715CA /* FavoriteViewController.swift in Sources */ = {isa = PBXBuildFile; fileRef = D7247079227C13C200B715CA /* FavoriteViewController.swift */; };
		D724707C227C14DA00B715CA /* LoginViewController.swift in Sources */ = {isa = PBXBuildFile; fileRef = D724707B227C14DA00B715CA /* LoginViewController.swift */; };
		D724707F22850D7300B715CA /* QuoteData+CoreDataClass.swift in Sources */ = {isa = PBXBuildFile; fileRef = D724707D22850D7300B715CA /* QuoteData+CoreDataClass.swift */; };
		D724708022850D7300B715CA /* QuoteData+CoreDataProperties.swift in Sources */ = {isa = PBXBuildFile; fileRef = D724707E22850D7300B715CA /* QuoteData+CoreDataProperties.swift */; };
		D72470822285118900B715CA /* englishQuotes.json in Resources */ = {isa = PBXBuildFile; fileRef = D72470812285118800B715CA /* englishQuotes.json */; };
		D724708422851FB100B715CA /* FavoriteCell.swift in Sources */ = {isa = PBXBuildFile; fileRef = D724708322851FB000B715CA /* FavoriteCell.swift */; };
		D7E00228227969ED0022A3B5 /* AppDelegate.swift in Sources */ = {isa = PBXBuildFile; fileRef = D7E00227227969ED0022A3B5 /* AppDelegate.swift */; };
		D7E00230227969EE0022A3B5 /* Motivate_Me_CP.xcdatamodeld in Sources */ = {isa = PBXBuildFile; fileRef = D7E0022E227969EE0022A3B5 /* Motivate_Me_CP.xcdatamodeld */; };
		D7E00232227969F10022A3B5 /* Assets.xcassets in Resources */ = {isa = PBXBuildFile; fileRef = D7E00231227969F10022A3B5 /* Assets.xcassets */; };
		D7E00235227969F10022A3B5 /* LaunchScreen.storyboard in Resources */ = {isa = PBXBuildFile; fileRef = D7E00233227969F10022A3B5 /* LaunchScreen.storyboard */; };
		D7E00240227969F10022A3B5 /* Motivate_Me_CPTests.swift in Sources */ = {isa = PBXBuildFile; fileRef = D7E0023F227969F10022A3B5 /* Motivate_Me_CPTests.swift */; };
		D7E0024B227969F10022A3B5 /* Motivate_Me_CPUITests.swift in Sources */ = {isa = PBXBuildFile; fileRef = D7E0024A227969F10022A3B5 /* Motivate_Me_CPUITests.swift */; };
		D7E0025D227972F80022A3B5 /* Home.storyboard in Resources */ = {isa = PBXBuildFile; fileRef = D7E0025B227972F80022A3B5 /* Home.storyboard */; };
		D7E0025E227972F80022A3B5 /* Main.storyboard in Resources */ = {isa = PBXBuildFile; fileRef = D7E0025C227972F80022A3B5 /* Main.storyboard */; };
		D7E00269227974DE0022A3B5 /* MainViewController.swift in Sources */ = {isa = PBXBuildFile; fileRef = D7E00268227974DE0022A3B5 /* MainViewController.swift */; };
		D7E0026B227974F70022A3B5 /* HomeViewController.swift in Sources */ = {isa = PBXBuildFile; fileRef = D7E0026A227974F70022A3B5 /* HomeViewController.swift */; };
/* End PBXBuildFile section */

/* Begin PBXContainerItemProxy section */
		D7E0023C227969F10022A3B5 /* PBXContainerItemProxy */ = {
			isa = PBXContainerItemProxy;
			containerPortal = D7E0021C227969ED0022A3B5 /* Project object */;
			proxyType = 1;
			remoteGlobalIDString = D7E00223227969ED0022A3B5;
			remoteInfo = "Motivate Me CP";
		};
		D7E00247227969F10022A3B5 /* PBXContainerItemProxy */ = {
			isa = PBXContainerItemProxy;
			containerPortal = D7E0021C227969ED0022A3B5 /* Project object */;
			proxyType = 1;
			remoteGlobalIDString = D7E00223227969ED0022A3B5;
			remoteInfo = "Motivate Me CP";
		};
/* End PBXContainerItemProxy section */

/* Begin PBXFileReference section */
		385083D52288BDE3008070FB /* HomeListButton.swift */ = {isa = PBXFileReference; lastKnownFileType = sourcecode.swift; path = HomeListButton.swift; sourceTree = "<group>"; };
		38B1A679228158F8001E0F64 /* HomeListViewViewController.swift */ = {isa = PBXFileReference; lastKnownFileType = sourcecode.swift; path = HomeListViewViewController.swift; sourceTree = "<group>"; };
		38DF9C4722821D6B00B130B6 /* QuoteListCell.swift */ = {isa = PBXFileReference; lastKnownFileType = sourcecode.swift; path = QuoteListCell.swift; sourceTree = "<group>"; };
		D7247065227BDB5900B715CA /* Tag+CoreDataClass.swift */ = {isa = PBXFileReference; lastKnownFileType = sourcecode.swift; path = "Tag+CoreDataClass.swift"; sourceTree = "<group>"; };
		D7247066227BDB5900B715CA /* Tag+CoreDataProperties.swift */ = {isa = PBXFileReference; lastKnownFileType = sourcecode.swift; path = "Tag+CoreDataProperties.swift"; sourceTree = "<group>"; };
		D7247067227BDB5900B715CA /* Source+CoreDataClass.swift */ = {isa = PBXFileReference; lastKnownFileType = sourcecode.swift; path = "Source+CoreDataClass.swift"; sourceTree = "<group>"; };
		D7247068227BDB5900B715CA /* Source+CoreDataProperties.swift */ = {isa = PBXFileReference; lastKnownFileType = sourcecode.swift; path = "Source+CoreDataProperties.swift"; sourceTree = "<group>"; };
		D7247069227BDB5900B715CA /* Quote+CoreDataClass.swift */ = {isa = PBXFileReference; lastKnownFileType = sourcecode.swift; path = "Quote+CoreDataClass.swift"; sourceTree = "<group>"; };
		D724706A227BDB5900B715CA /* Quote+CoreDataProperties.swift */ = {isa = PBXFileReference; lastKnownFileType = sourcecode.swift; path = "Quote+CoreDataProperties.swift"; sourceTree = "<group>"; };
		D7247071227BDCD500B715CA /* CodingUserInfoKey+.swift */ = {isa = PBXFileReference; lastKnownFileType = sourcecode.swift; path = "CodingUserInfoKey+.swift"; sourceTree = "<group>"; };
		D7247073227C137E00B715CA /* Favorite.storyboard */ = {isa = PBXFileReference; lastKnownFileType = file.storyboard; path = Favorite.storyboard; sourceTree = "<group>"; };
		D7247075227C139400B715CA /* Profile.storyboard */ = {isa = PBXFileReference; lastKnownFileType = file.storyboard; path = Profile.storyboard; sourceTree = "<group>"; };
		D7247077227C13B500B715CA /* ProfileViewController.swift */ = {isa = PBXFileReference; lastKnownFileType = sourcecode.swift; name = ProfileViewController.swift; path = "Motivate Me CP/ViewController/ProfileViewController.swift"; sourceTree = SOURCE_ROOT; };
		D7247079227C13C200B715CA /* FavoriteViewController.swift */ = {isa = PBXFileReference; lastKnownFileType = sourcecode.swift; name = FavoriteViewController.swift; path = "Motivate Me CP/ViewController/FavoriteViewController.swift"; sourceTree = SOURCE_ROOT; };
		D724707B227C14DA00B715CA /* LoginViewController.swift */ = {isa = PBXFileReference; lastKnownFileType = sourcecode.swift; name = LoginViewController.swift; path = "Motivate Me CP/ViewController/LoginViewController.swift"; sourceTree = SOURCE_ROOT; };
		D724707D22850D7300B715CA /* QuoteData+CoreDataClass.swift */ = {isa = PBXFileReference; lastKnownFileType = sourcecode.swift; path = "QuoteData+CoreDataClass.swift"; sourceTree = "<group>"; };
		D724707E22850D7300B715CA /* QuoteData+CoreDataProperties.swift */ = {isa = PBXFileReference; lastKnownFileType = sourcecode.swift; path = "QuoteData+CoreDataProperties.swift"; sourceTree = "<group>"; };
		D72470812285118800B715CA /* englishQuotes.json */ = {isa = PBXFileReference; fileEncoding = 4; lastKnownFileType = text.json; path = englishQuotes.json; sourceTree = "<group>"; };
		D724708322851FB000B715CA /* FavoriteCell.swift */ = {isa = PBXFileReference; lastKnownFileType = sourcecode.swift; path = FavoriteCell.swift; sourceTree = "<group>"; };
		D7E00224227969ED0022A3B5 /* Motivate Me CP.app */ = {isa = PBXFileReference; explicitFileType = wrapper.application; includeInIndex = 0; path = "Motivate Me CP.app"; sourceTree = BUILT_PRODUCTS_DIR; };
		D7E00227227969ED0022A3B5 /* AppDelegate.swift */ = {isa = PBXFileReference; lastKnownFileType = sourcecode.swift; path = AppDelegate.swift; sourceTree = "<group>"; };
		D7E0022F227969EE0022A3B5 /* Motivate_Me_CP.xcdatamodel */ = {isa = PBXFileReference; lastKnownFileType = wrapper.xcdatamodel; path = Motivate_Me_CP.xcdatamodel; sourceTree = "<group>"; };
		D7E00231227969F10022A3B5 /* Assets.xcassets */ = {isa = PBXFileReference; lastKnownFileType = folder.assetcatalog; path = Assets.xcassets; sourceTree = "<group>"; };
		D7E00234227969F10022A3B5 /* Base */ = {isa = PBXFileReference; lastKnownFileType = file.storyboard; name = Base; path = Base.lproj/LaunchScreen.storyboard; sourceTree = "<group>"; };
		D7E00236227969F10022A3B5 /* Info.plist */ = {isa = PBXFileReference; lastKnownFileType = text.plist.xml; path = Info.plist; sourceTree = "<group>"; };
		D7E0023B227969F10022A3B5 /* Motivate Me CPTests.xctest */ = {isa = PBXFileReference; explicitFileType = wrapper.cfbundle; includeInIndex = 0; path = "Motivate Me CPTests.xctest"; sourceTree = BUILT_PRODUCTS_DIR; };
		D7E0023F227969F10022A3B5 /* Motivate_Me_CPTests.swift */ = {isa = PBXFileReference; lastKnownFileType = sourcecode.swift; path = Motivate_Me_CPTests.swift; sourceTree = "<group>"; };
		D7E00241227969F10022A3B5 /* Info.plist */ = {isa = PBXFileReference; lastKnownFileType = text.plist.xml; path = Info.plist; sourceTree = "<group>"; };
		D7E00246227969F10022A3B5 /* Motivate Me CPUITests.xctest */ = {isa = PBXFileReference; explicitFileType = wrapper.cfbundle; includeInIndex = 0; path = "Motivate Me CPUITests.xctest"; sourceTree = BUILT_PRODUCTS_DIR; };
		D7E0024A227969F10022A3B5 /* Motivate_Me_CPUITests.swift */ = {isa = PBXFileReference; lastKnownFileType = sourcecode.swift; path = Motivate_Me_CPUITests.swift; sourceTree = "<group>"; };
		D7E0024C227969F10022A3B5 /* Info.plist */ = {isa = PBXFileReference; lastKnownFileType = text.plist.xml; path = Info.plist; sourceTree = "<group>"; };
		D7E0025B227972F80022A3B5 /* Home.storyboard */ = {isa = PBXFileReference; fileEncoding = 4; lastKnownFileType = file.storyboard; path = Home.storyboard; sourceTree = "<group>"; };
		D7E0025C227972F80022A3B5 /* Main.storyboard */ = {isa = PBXFileReference; fileEncoding = 4; lastKnownFileType = file.storyboard; path = Main.storyboard; sourceTree = "<group>"; };
		D7E00268227974DE0022A3B5 /* MainViewController.swift */ = {isa = PBXFileReference; lastKnownFileType = sourcecode.swift; name = MainViewController.swift; path = "Motivate Me CP/ViewController/MainViewController.swift"; sourceTree = SOURCE_ROOT; };
		D7E0026A227974F70022A3B5 /* HomeViewController.swift */ = {isa = PBXFileReference; lastKnownFileType = sourcecode.swift; name = HomeViewController.swift; path = "Motivate Me CP/ViewController/HomeViewController.swift"; sourceTree = SOURCE_ROOT; };
/* End PBXFileReference section */

/* Begin PBXFrameworksBuildPhase section */
		D7E00221227969ED0022A3B5 /* Frameworks */ = {
			isa = PBXFrameworksBuildPhase;
			buildActionMask = 2147483647;
			files = (
			);
			runOnlyForDeploymentPostprocessing = 0;
		};
		D7E00238227969F10022A3B5 /* Frameworks */ = {
			isa = PBXFrameworksBuildPhase;
			buildActionMask = 2147483647;
			files = (
			);
			runOnlyForDeploymentPostprocessing = 0;
		};
		D7E00243227969F10022A3B5 /* Frameworks */ = {
			isa = PBXFrameworksBuildPhase;
			buildActionMask = 2147483647;
			files = (
			);
			runOnlyForDeploymentPostprocessing = 0;
		};
/* End PBXFrameworksBuildPhase section */

/* Begin PBXGroup section */
		D7247062227BCA7A00B715CA /* Model */ = {
			isa = PBXGroup;
			children = (
				D724707D22850D7300B715CA /* QuoteData+CoreDataClass.swift */,
				D724707E22850D7300B715CA /* QuoteData+CoreDataProperties.swift */,
				D7247065227BDB5900B715CA /* Tag+CoreDataClass.swift */,
				D7247066227BDB5900B715CA /* Tag+CoreDataProperties.swift */,
				D7247067227BDB5900B715CA /* Source+CoreDataClass.swift */,
				D7247068227BDB5900B715CA /* Source+CoreDataProperties.swift */,
				D7247069227BDB5900B715CA /* Quote+CoreDataClass.swift */,
				D724706A227BDB5900B715CA /* Quote+CoreDataProperties.swift */,
			);
			path = Model;
			sourceTree = "<group>";
		};
		D7E0021B227969ED0022A3B5 = {
			isa = PBXGroup;
			children = (
				D7E00226227969ED0022A3B5 /* Motivate Me CP */,
				D7E0023E227969F10022A3B5 /* Motivate Me CPTests */,
				D7E00249227969F10022A3B5 /* Motivate Me CPUITests */,
				D7E00225227969ED0022A3B5 /* Products */,
			);
			sourceTree = "<group>";
		};
		D7E00225227969ED0022A3B5 /* Products */ = {
			isa = PBXGroup;
			children = (
				D7E00224227969ED0022A3B5 /* Motivate Me CP.app */,
				D7E0023B227969F10022A3B5 /* Motivate Me CPTests.xctest */,
				D7E00246227969F10022A3B5 /* Motivate Me CPUITests.xctest */,
			);
			name = Products;
			sourceTree = "<group>";
		};
		D7E00226227969ED0022A3B5 /* Motivate Me CP */ = {
			isa = PBXGroup;
			children = (
				D724708322851FB000B715CA /* FavoriteCell.swift */,
				D7247071227BDCD500B715CA /* CodingUserInfoKey+.swift */,
				D7247062227BCA7A00B715CA /* Model */,
				D7E00227227969ED0022A3B5 /* AppDelegate.swift */,
				D7E00261227973910022A3B5 /* ViewController */,
				D7E0025A227972BA0022A3B5 /* Storyboard */,
				D7E00231227969F10022A3B5 /* Assets.xcassets */,
				D7E00233227969F10022A3B5 /* LaunchScreen.storyboard */,
				D72470812285118800B715CA /* englishQuotes.json */,
				D7E00236227969F10022A3B5 /* Info.plist */,
				D7E0022E227969EE0022A3B5 /* Motivate_Me_CP.xcdatamodeld */,
				38B1A679228158F8001E0F64 /* HomeListViewViewController.swift */,
				38DF9C4722821D6B00B130B6 /* QuoteListCell.swift */,
				385083D52288BDE3008070FB /* HomeListButton.swift */,
			);
			path = "Motivate Me CP";
			sourceTree = "<group>";
		};
		D7E0023E227969F10022A3B5 /* Motivate Me CPTests */ = {
			isa = PBXGroup;
			children = (
				D7E0023F227969F10022A3B5 /* Motivate_Me_CPTests.swift */,
				D7E00241227969F10022A3B5 /* Info.plist */,
			);
			path = "Motivate Me CPTests";
			sourceTree = "<group>";
		};
		D7E00249227969F10022A3B5 /* Motivate Me CPUITests */ = {
			isa = PBXGroup;
			children = (
				D7E0024A227969F10022A3B5 /* Motivate_Me_CPUITests.swift */,
				D7E0024C227969F10022A3B5 /* Info.plist */,
			);
			path = "Motivate Me CPUITests";
			sourceTree = "<group>";
		};
		D7E0025A227972BA0022A3B5 /* Storyboard */ = {
			isa = PBXGroup;
			children = (
				D7E0025B227972F80022A3B5 /* Home.storyboard */,
				D7E0025C227972F80022A3B5 /* Main.storyboard */,
				D7247073227C137E00B715CA /* Favorite.storyboard */,
				D7247075227C139400B715CA /* Profile.storyboard */,
			);
			path = Storyboard;
			sourceTree = "<group>";
		};
		D7E00261227973910022A3B5 /* ViewController */ = {
			isa = PBXGroup;
			children = (
				D724707B227C14DA00B715CA /* LoginViewController.swift */,
				D7247077227C13B500B715CA /* ProfileViewController.swift */,
				D7247079227C13C200B715CA /* FavoriteViewController.swift */,
				D7E00268227974DE0022A3B5 /* MainViewController.swift */,
				D7E0026A227974F70022A3B5 /* HomeViewController.swift */,
			);
			name = ViewController;
			path = "New Group";
			sourceTree = "<group>";
		};
/* End PBXGroup section */

/* Begin PBXNativeTarget section */
		D7E00223227969ED0022A3B5 /* Motivate Me CP */ = {
			isa = PBXNativeTarget;
			buildConfigurationList = D7E0024F227969F10022A3B5 /* Build configuration list for PBXNativeTarget "Motivate Me CP" */;
			buildPhases = (
				D7E00220227969ED0022A3B5 /* Sources */,
				D7E00221227969ED0022A3B5 /* Frameworks */,
				D7E00222227969ED0022A3B5 /* Resources */,
			);
			buildRules = (
			);
			dependencies = (
			);
			name = "Motivate Me CP";
			productName = "Motivate Me CP";
			productReference = D7E00224227969ED0022A3B5 /* Motivate Me CP.app */;
			productType = "com.apple.product-type.application";
		};
		D7E0023A227969F10022A3B5 /* Motivate Me CPTests */ = {
			isa = PBXNativeTarget;
			buildConfigurationList = D7E00252227969F10022A3B5 /* Build configuration list for PBXNativeTarget "Motivate Me CPTests" */;
			buildPhases = (
				D7E00237227969F10022A3B5 /* Sources */,
				D7E00238227969F10022A3B5 /* Frameworks */,
				D7E00239227969F10022A3B5 /* Resources */,
			);
			buildRules = (
			);
			dependencies = (
				D7E0023D227969F10022A3B5 /* PBXTargetDependency */,
			);
			name = "Motivate Me CPTests";
			productName = "Motivate Me CPTests";
			productReference = D7E0023B227969F10022A3B5 /* Motivate Me CPTests.xctest */;
			productType = "com.apple.product-type.bundle.unit-test";
		};
		D7E00245227969F10022A3B5 /* Motivate Me CPUITests */ = {
			isa = PBXNativeTarget;
			buildConfigurationList = D7E00255227969F10022A3B5 /* Build configuration list for PBXNativeTarget "Motivate Me CPUITests" */;
			buildPhases = (
				D7E00242227969F10022A3B5 /* Sources */,
				D7E00243227969F10022A3B5 /* Frameworks */,
				D7E00244227969F10022A3B5 /* Resources */,
			);
			buildRules = (
			);
			dependencies = (
				D7E00248227969F10022A3B5 /* PBXTargetDependency */,
			);
			name = "Motivate Me CPUITests";
			productName = "Motivate Me CPUITests";
			productReference = D7E00246227969F10022A3B5 /* Motivate Me CPUITests.xctest */;
			productType = "com.apple.product-type.bundle.ui-testing";
		};
/* End PBXNativeTarget section */

/* Begin PBXProject section */
		D7E0021C227969ED0022A3B5 /* Project object */ = {
			isa = PBXProject;
			attributes = {
				LastSwiftUpdateCheck = 1010;
				LastUpgradeCheck = 1010;
				ORGANIZATIONNAME = "Kazutaka Homma";
				TargetAttributes = {
					D7E00223227969ED0022A3B5 = {
						CreatedOnToolsVersion = 10.1;
					};
					D7E0023A227969F10022A3B5 = {
						CreatedOnToolsVersion = 10.1;
						TestTargetID = D7E00223227969ED0022A3B5;
					};
					D7E00245227969F10022A3B5 = {
						CreatedOnToolsVersion = 10.1;
						TestTargetID = D7E00223227969ED0022A3B5;
					};
				};
			};
			buildConfigurationList = D7E0021F227969ED0022A3B5 /* Build configuration list for PBXProject "Motivate Me CP" */;
			compatibilityVersion = "Xcode 9.3";
			developmentRegion = en;
			hasScannedForEncodings = 0;
			knownRegions = (
				en,
				Base,
			);
			mainGroup = D7E0021B227969ED0022A3B5;
			productRefGroup = D7E00225227969ED0022A3B5 /* Products */;
			projectDirPath = "";
			projectRoot = "";
			targets = (
				D7E00223227969ED0022A3B5 /* Motivate Me CP */,
				D7E0023A227969F10022A3B5 /* Motivate Me CPTests */,
				D7E00245227969F10022A3B5 /* Motivate Me CPUITests */,
			);
		};
/* End PBXProject section */

/* Begin PBXResourcesBuildPhase section */
		D7E00222227969ED0022A3B5 /* Resources */ = {
			isa = PBXResourcesBuildPhase;
			buildActionMask = 2147483647;
			files = (
				D7247076227C139400B715CA /* Profile.storyboard in Resources */,
				D7E0025D227972F80022A3B5 /* Home.storyboard in Resources */,
				D7E00235227969F10022A3B5 /* LaunchScreen.storyboard in Resources */,
				D7E00232227969F10022A3B5 /* Assets.xcassets in Resources */,
				D72470822285118900B715CA /* englishQuotes.json in Resources */,
				D7247074227C137E00B715CA /* Favorite.storyboard in Resources */,
				D7E0025E227972F80022A3B5 /* Main.storyboard in Resources */,
			);
			runOnlyForDeploymentPostprocessing = 0;
		};
		D7E00239227969F10022A3B5 /* Resources */ = {
			isa = PBXResourcesBuildPhase;
			buildActionMask = 2147483647;
			files = (
			);
			runOnlyForDeploymentPostprocessing = 0;
		};
		D7E00244227969F10022A3B5 /* Resources */ = {
			isa = PBXResourcesBuildPhase;
			buildActionMask = 2147483647;
			files = (
			);
			runOnlyForDeploymentPostprocessing = 0;
		};
/* End PBXResourcesBuildPhase section */

/* Begin PBXSourcesBuildPhase section */
		D7E00220227969ED0022A3B5 /* Sources */ = {
			isa = PBXSourcesBuildPhase;
			buildActionMask = 2147483647;
			files = (
				D724708022850D7300B715CA /* QuoteData+CoreDataProperties.swift in Sources */,
				D724707C227C14DA00B715CA /* LoginViewController.swift in Sources */,
				D7E00269227974DE0022A3B5 /* MainViewController.swift in Sources */,
				D7E00228227969ED0022A3B5 /* AppDelegate.swift in Sources */,
				38DF9C4822821D6B00B130B6 /* QuoteListCell.swift in Sources */,
				38B1A67A228158F8001E0F64 /* HomeListViewViewController.swift in Sources */,
				D724706E227BDB5900B715CA /* Source+CoreDataProperties.swift in Sources */,
				D724706D227BDB5900B715CA /* Source+CoreDataClass.swift in Sources */,
				D7E00230227969EE0022A3B5 /* Motivate_Me_CP.xcdatamodeld in Sources */,
				D724706F227BDB5900B715CA /* Quote+CoreDataClass.swift in Sources */,
				D7247078227C13B500B715CA /* ProfileViewController.swift in Sources */,
				D7247072227BDCD500B715CA /* CodingUserInfoKey+.swift in Sources */,
				D724706C227BDB5900B715CA /* Tag+CoreDataProperties.swift in Sources */,
				D724707A227C13C200B715CA /* FavoriteViewController.swift in Sources */,
				385083D62288BDE3008070FB /* HomeListButton.swift in Sources */,
				D7247070227BDB5900B715CA /* Quote+CoreDataProperties.swift in Sources */,
				D724707F22850D7300B715CA /* QuoteData+CoreDataClass.swift in Sources */,
				D724706B227BDB5900B715CA /* Tag+CoreDataClass.swift in Sources */,
				D7E0026B227974F70022A3B5 /* HomeViewController.swift in Sources */,
				D724708422851FB100B715CA /* FavoriteCell.swift in Sources */,
			);
			runOnlyForDeploymentPostprocessing = 0;
		};
		D7E00237227969F10022A3B5 /* Sources */ = {
			isa = PBXSourcesBuildPhase;
			buildActionMask = 2147483647;
			files = (
				D7E00240227969F10022A3B5 /* Motivate_Me_CPTests.swift in Sources */,
			);
			runOnlyForDeploymentPostprocessing = 0;
		};
		D7E00242227969F10022A3B5 /* Sources */ = {
			isa = PBXSourcesBuildPhase;
			buildActionMask = 2147483647;
			files = (
				D7E0024B227969F10022A3B5 /* Motivate_Me_CPUITests.swift in Sources */,
			);
			runOnlyForDeploymentPostprocessing = 0;
		};
/* End PBXSourcesBuildPhase section */

/* Begin PBXTargetDependency section */
		D7E0023D227969F10022A3B5 /* PBXTargetDependency */ = {
			isa = PBXTargetDependency;
			target = D7E00223227969ED0022A3B5 /* Motivate Me CP */;
			targetProxy = D7E0023C227969F10022A3B5 /* PBXContainerItemProxy */;
		};
		D7E00248227969F10022A3B5 /* PBXTargetDependency */ = {
			isa = PBXTargetDependency;
			target = D7E00223227969ED0022A3B5 /* Motivate Me CP */;
			targetProxy = D7E00247227969F10022A3B5 /* PBXContainerItemProxy */;
		};
/* End PBXTargetDependency section */

/* Begin PBXVariantGroup section */
		D7E00233227969F10022A3B5 /* LaunchScreen.storyboard */ = {
			isa = PBXVariantGroup;
			children = (
				D7E00234227969F10022A3B5 /* Base */,
			);
			name = LaunchScreen.storyboard;
			sourceTree = "<group>";
		};
/* End PBXVariantGroup section */

/* Begin XCBuildConfiguration section */
		D7E0024D227969F10022A3B5 /* Debug */ = {
			isa = XCBuildConfiguration;
			buildSettings = {
				ALWAYS_SEARCH_USER_PATHS = NO;
				CLANG_ANALYZER_NONNULL = YES;
				CLANG_ANALYZER_NUMBER_OBJECT_CONVERSION = YES_AGGRESSIVE;
				CLANG_CXX_LANGUAGE_STANDARD = "gnu++14";
				CLANG_CXX_LIBRARY = "libc++";
				CLANG_ENABLE_MODULES = YES;
				CLANG_ENABLE_OBJC_ARC = YES;
				CLANG_ENABLE_OBJC_WEAK = YES;
				CLANG_WARN_BLOCK_CAPTURE_AUTORELEASING = YES;
				CLANG_WARN_BOOL_CONVERSION = YES;
				CLANG_WARN_COMMA = YES;
				CLANG_WARN_CONSTANT_CONVERSION = YES;
				CLANG_WARN_DEPRECATED_OBJC_IMPLEMENTATIONS = YES;
				CLANG_WARN_DIRECT_OBJC_ISA_USAGE = YES_ERROR;
				CLANG_WARN_DOCUMENTATION_COMMENTS = YES;
				CLANG_WARN_EMPTY_BODY = YES;
				CLANG_WARN_ENUM_CONVERSION = YES;
				CLANG_WARN_INFINITE_RECURSION = YES;
				CLANG_WARN_INT_CONVERSION = YES;
				CLANG_WARN_NON_LITERAL_NULL_CONVERSION = YES;
				CLANG_WARN_OBJC_IMPLICIT_RETAIN_SELF = YES;
				CLANG_WARN_OBJC_LITERAL_CONVERSION = YES;
				CLANG_WARN_OBJC_ROOT_CLASS = YES_ERROR;
				CLANG_WARN_RANGE_LOOP_ANALYSIS = YES;
				CLANG_WARN_STRICT_PROTOTYPES = YES;
				CLANG_WARN_SUSPICIOUS_MOVE = YES;
				CLANG_WARN_UNGUARDED_AVAILABILITY = YES_AGGRESSIVE;
				CLANG_WARN_UNREACHABLE_CODE = YES;
				CLANG_WARN__DUPLICATE_METHOD_MATCH = YES;
				CODE_SIGN_IDENTITY = "iPhone Developer";
				COPY_PHASE_STRIP = NO;
				DEBUG_INFORMATION_FORMAT = dwarf;
				ENABLE_STRICT_OBJC_MSGSEND = YES;
				ENABLE_TESTABILITY = YES;
				GCC_C_LANGUAGE_STANDARD = gnu11;
				GCC_DYNAMIC_NO_PIC = NO;
				GCC_NO_COMMON_BLOCKS = YES;
				GCC_OPTIMIZATION_LEVEL = 0;
				GCC_PREPROCESSOR_DEFINITIONS = (
					"DEBUG=1",
					"$(inherited)",
				);
				GCC_WARN_64_TO_32_BIT_CONVERSION = YES;
				GCC_WARN_ABOUT_RETURN_TYPE = YES_ERROR;
				GCC_WARN_UNDECLARED_SELECTOR = YES;
				GCC_WARN_UNINITIALIZED_AUTOS = YES_AGGRESSIVE;
				GCC_WARN_UNUSED_FUNCTION = YES;
				GCC_WARN_UNUSED_VARIABLE = YES;
				IPHONEOS_DEPLOYMENT_TARGET = 12.1;
				MTL_ENABLE_DEBUG_INFO = INCLUDE_SOURCE;
				MTL_FAST_MATH = YES;
				ONLY_ACTIVE_ARCH = YES;
				SDKROOT = iphoneos;
				SWIFT_ACTIVE_COMPILATION_CONDITIONS = DEBUG;
				SWIFT_OPTIMIZATION_LEVEL = "-Onone";
			};
			name = Debug;
		};
		D7E0024E227969F10022A3B5 /* Release */ = {
			isa = XCBuildConfiguration;
			buildSettings = {
				ALWAYS_SEARCH_USER_PATHS = NO;
				CLANG_ANALYZER_NONNULL = YES;
				CLANG_ANALYZER_NUMBER_OBJECT_CONVERSION = YES_AGGRESSIVE;
				CLANG_CXX_LANGUAGE_STANDARD = "gnu++14";
				CLANG_CXX_LIBRARY = "libc++";
				CLANG_ENABLE_MODULES = YES;
				CLANG_ENABLE_OBJC_ARC = YES;
				CLANG_ENABLE_OBJC_WEAK = YES;
				CLANG_WARN_BLOCK_CAPTURE_AUTORELEASING = YES;
				CLANG_WARN_BOOL_CONVERSION = YES;
				CLANG_WARN_COMMA = YES;
				CLANG_WARN_CONSTANT_CONVERSION = YES;
				CLANG_WARN_DEPRECATED_OBJC_IMPLEMENTATIONS = YES;
				CLANG_WARN_DIRECT_OBJC_ISA_USAGE = YES_ERROR;
				CLANG_WARN_DOCUMENTATION_COMMENTS = YES;
				CLANG_WARN_EMPTY_BODY = YES;
				CLANG_WARN_ENUM_CONVERSION = YES;
				CLANG_WARN_INFINITE_RECURSION = YES;
				CLANG_WARN_INT_CONVERSION = YES;
				CLANG_WARN_NON_LITERAL_NULL_CONVERSION = YES;
				CLANG_WARN_OBJC_IMPLICIT_RETAIN_SELF = YES;
				CLANG_WARN_OBJC_LITERAL_CONVERSION = YES;
				CLANG_WARN_OBJC_ROOT_CLASS = YES_ERROR;
				CLANG_WARN_RANGE_LOOP_ANALYSIS = YES;
				CLANG_WARN_STRICT_PROTOTYPES = YES;
				CLANG_WARN_SUSPICIOUS_MOVE = YES;
				CLANG_WARN_UNGUARDED_AVAILABILITY = YES_AGGRESSIVE;
				CLANG_WARN_UNREACHABLE_CODE = YES;
				CLANG_WARN__DUPLICATE_METHOD_MATCH = YES;
				CODE_SIGN_IDENTITY = "iPhone Developer";
				COPY_PHASE_STRIP = NO;
				DEBUG_INFORMATION_FORMAT = "dwarf-with-dsym";
				ENABLE_NS_ASSERTIONS = NO;
				ENABLE_STRICT_OBJC_MSGSEND = YES;
				GCC_C_LANGUAGE_STANDARD = gnu11;
				GCC_NO_COMMON_BLOCKS = YES;
				GCC_WARN_64_TO_32_BIT_CONVERSION = YES;
				GCC_WARN_ABOUT_RETURN_TYPE = YES_ERROR;
				GCC_WARN_UNDECLARED_SELECTOR = YES;
				GCC_WARN_UNINITIALIZED_AUTOS = YES_AGGRESSIVE;
				GCC_WARN_UNUSED_FUNCTION = YES;
				GCC_WARN_UNUSED_VARIABLE = YES;
				IPHONEOS_DEPLOYMENT_TARGET = 12.1;
				MTL_ENABLE_DEBUG_INFO = NO;
				MTL_FAST_MATH = YES;
				SDKROOT = iphoneos;
				SWIFT_COMPILATION_MODE = wholemodule;
				SWIFT_OPTIMIZATION_LEVEL = "-O";
				VALIDATE_PRODUCT = YES;
			};
			name = Release;
		};
		D7E00250227969F10022A3B5 /* Debug */ = {
			isa = XCBuildConfiguration;
			buildSettings = {
				ASSETCATALOG_COMPILER_APPICON_NAME = AppIcon;
				CODE_SIGN_STYLE = Automatic;
				DEVELOPMENT_TEAM = "";
				INFOPLIST_FILE = "Motivate Me CP/Info.plist";
				LD_RUNPATH_SEARCH_PATHS = (
					"$(inherited)",
					"@executable_path/Frameworks",
				);
				PRODUCT_BUNDLE_IDENTIFIER = "io.github.Kazutaka333.Motivate-Me-CP";
				PRODUCT_NAME = "$(TARGET_NAME)";
				SWIFT_VERSION = 4.2;
				TARGETED_DEVICE_FAMILY = "1,2";
			};
			name = Debug;
		};
		D7E00251227969F10022A3B5 /* Release */ = {
			isa = XCBuildConfiguration;
			buildSettings = {
				ASSETCATALOG_COMPILER_APPICON_NAME = AppIcon;
				CODE_SIGN_STYLE = Automatic;
				DEVELOPMENT_TEAM = "";
				INFOPLIST_FILE = "Motivate Me CP/Info.plist";
				LD_RUNPATH_SEARCH_PATHS = (
					"$(inherited)",
					"@executable_path/Frameworks",
				);
				PRODUCT_BUNDLE_IDENTIFIER = "io.github.Kazutaka333.Motivate-Me-CP";
				PRODUCT_NAME = "$(TARGET_NAME)";
				SWIFT_VERSION = 4.2;
				TARGETED_DEVICE_FAMILY = "1,2";
			};
			name = Release;
		};
		D7E00253227969F10022A3B5 /* Debug */ = {
			isa = XCBuildConfiguration;
			buildSettings = {
				ALWAYS_EMBED_SWIFT_STANDARD_LIBRARIES = YES;
				BUNDLE_LOADER = "$(TEST_HOST)";
				CODE_SIGN_STYLE = Automatic;
				DEVELOPMENT_TEAM = 2M5Z36K6T8;
				INFOPLIST_FILE = "Motivate Me CPTests/Info.plist";
				LD_RUNPATH_SEARCH_PATHS = (
					"$(inherited)",
					"@executable_path/Frameworks",
					"@loader_path/Frameworks",
				);
				PRODUCT_BUNDLE_IDENTIFIER = "io.github.Kazutaka333.Motivate-Me-CPTests";
				PRODUCT_NAME = "$(TARGET_NAME)";
				SWIFT_VERSION = 4.2;
				TARGETED_DEVICE_FAMILY = "1,2";
				TEST_HOST = "$(BUILT_PRODUCTS_DIR)/Motivate Me CP.app/Motivate Me CP";
			};
			name = Debug;
		};
		D7E00254227969F10022A3B5 /* Release */ = {
			isa = XCBuildConfiguration;
			buildSettings = {
				ALWAYS_EMBED_SWIFT_STANDARD_LIBRARIES = YES;
				BUNDLE_LOADER = "$(TEST_HOST)";
				CODE_SIGN_STYLE = Automatic;
				DEVELOPMENT_TEAM = 2M5Z36K6T8;
				INFOPLIST_FILE = "Motivate Me CPTests/Info.plist";
				LD_RUNPATH_SEARCH_PATHS = (
					"$(inherited)",
					"@executable_path/Frameworks",
					"@loader_path/Frameworks",
				);
				PRODUCT_BUNDLE_IDENTIFIER = "io.github.Kazutaka333.Motivate-Me-CPTests";
				PRODUCT_NAME = "$(TARGET_NAME)";
				SWIFT_VERSION = 4.2;
				TARGETED_DEVICE_FAMILY = "1,2";
				TEST_HOST = "$(BUILT_PRODUCTS_DIR)/Motivate Me CP.app/Motivate Me CP";
			};
			name = Release;
		};
		D7E00256227969F10022A3B5 /* Debug */ = {
			isa = XCBuildConfiguration;
			buildSettings = {
				ALWAYS_EMBED_SWIFT_STANDARD_LIBRARIES = YES;
				CODE_SIGN_STYLE = Automatic;
				DEVELOPMENT_TEAM = 2M5Z36K6T8;
				INFOPLIST_FILE = "Motivate Me CPUITests/Info.plist";
				LD_RUNPATH_SEARCH_PATHS = (
					"$(inherited)",
					"@executable_path/Frameworks",
					"@loader_path/Frameworks",
				);
				PRODUCT_BUNDLE_IDENTIFIER = "io.github.Kazutaka333.Motivate-Me-CPUITests";
				PRODUCT_NAME = "$(TARGET_NAME)";
				SWIFT_VERSION = 4.2;
				TARGETED_DEVICE_FAMILY = "1,2";
				TEST_TARGET_NAME = "Motivate Me CP";
			};
			name = Debug;
		};
		D7E00257227969F10022A3B5 /* Release */ = {
			isa = XCBuildConfiguration;
			buildSettings = {
				ALWAYS_EMBED_SWIFT_STANDARD_LIBRARIES = YES;
				CODE_SIGN_STYLE = Automatic;
				DEVELOPMENT_TEAM = 2M5Z36K6T8;
				INFOPLIST_FILE = "Motivate Me CPUITests/Info.plist";
				LD_RUNPATH_SEARCH_PATHS = (
					"$(inherited)",
					"@executable_path/Frameworks",
					"@loader_path/Frameworks",
				);
				PRODUCT_BUNDLE_IDENTIFIER = "io.github.Kazutaka333.Motivate-Me-CPUITests";
				PRODUCT_NAME = "$(TARGET_NAME)";
				SWIFT_VERSION = 4.2;
				TARGETED_DEVICE_FAMILY = "1,2";
				TEST_TARGET_NAME = "Motivate Me CP";
			};
			name = Release;
		};
/* End XCBuildConfiguration section */

/* Begin XCConfigurationList section */
		D7E0021F227969ED0022A3B5 /* Build configuration list for PBXProject "Motivate Me CP" */ = {
			isa = XCConfigurationList;
			buildConfigurations = (
				D7E0024D227969F10022A3B5 /* Debug */,
				D7E0024E227969F10022A3B5 /* Release */,
			);
			defaultConfigurationIsVisible = 0;
			defaultConfigurationName = Release;
		};
		D7E0024F227969F10022A3B5 /* Build configuration list for PBXNativeTarget "Motivate Me CP" */ = {
			isa = XCConfigurationList;
			buildConfigurations = (
				D7E00250227969F10022A3B5 /* Debug */,
				D7E00251227969F10022A3B5 /* Release */,
			);
			defaultConfigurationIsVisible = 0;
			defaultConfigurationName = Release;
		};
		D7E00252227969F10022A3B5 /* Build configuration list for PBXNativeTarget "Motivate Me CPTests" */ = {
			isa = XCConfigurationList;
			buildConfigurations = (
				D7E00253227969F10022A3B5 /* Debug */,
				D7E00254227969F10022A3B5 /* Release */,
			);
			defaultConfigurationIsVisible = 0;
			defaultConfigurationName = Release;
		};
		D7E00255227969F10022A3B5 /* Build configuration list for PBXNativeTarget "Motivate Me CPUITests" */ = {
			isa = XCConfigurationList;
			buildConfigurations = (
				D7E00256227969F10022A3B5 /* Debug */,
				D7E00257227969F10022A3B5 /* Release */,
			);
			defaultConfigurationIsVisible = 0;
			defaultConfigurationName = Release;
		};
/* End XCConfigurationList section */

/* Begin XCVersionGroup section */
		D7E0022E227969EE0022A3B5 /* Motivate_Me_CP.xcdatamodeld */ = {
			isa = XCVersionGroup;
			children = (
				D7E0022F227969EE0022A3B5 /* Motivate_Me_CP.xcdatamodel */,
			);
			currentVersion = D7E0022F227969EE0022A3B5 /* Motivate_Me_CP.xcdatamodel */;
			path = Motivate_Me_CP.xcdatamodeld;
			sourceTree = "<group>";
			versionGroupType = wrapper.xcdatamodel;
		};
/* End XCVersionGroup section */
	};
	rootObject = D7E0021C227969ED0022A3B5 /* Project object */;
}
